// !$*UTF8*$!
{
	archiveVersion = 1;
	classes = {};
	objectVersion = 77;
	objects = {
 B10000000000000000000001 = {isa = PBXFileSystemSynchronizedRootGroup; path = iOS/HomeSchoolHelperUITests; sourceTree = "<group>"; };
 B10000000000000000000002 = {isa = PBXFileReference; explicitFileType = wrapper.cfbundle; includeInIndex = 0; path = HomeSchoolHelperUITests.xctest; sourceTree = BUILT_PRODUCTS_DIR; };
 B10000000000000000000003 = {isa = PBXNativeTarget; buildConfigurationList = B10000000000000000000004; buildPhases = (B10000000000000000000005,B10000000000000000000006,B10000000000000000000007,); buildRules = (); dependencies = (B10000000000000000000008,); fileSystemSynchronizedGroups = (B10000000000000000000001,); name = HomeSchoolHelperUITests; productName = HomeSchoolHelperUITests; productReference = B10000000000000000000002; productType = "com.apple.product-type.bundle.ui-testing"; };
 B10000000000000000000004 = {isa = XCConfigurationList; buildConfigurations = (B1000000000000000000000A,B1000000000000000000000B,); defaultConfigurationIsVisible = 0; defaultConfigurationName = Release; };
 B10000000000000000000005 = {isa = PBXSourcesBuildPhase; buildActionMask = 2147483647; files = (); runOnlyForDeploymentPostprocessing = 0; };
 B10000000000000000000006 = {isa = PBXFrameworksBuildPhase; buildActionMask = 2147483647; files = (); runOnlyForDeploymentPostprocessing = 0; };
 B10000000000000000000007 = {isa = PBXResourcesBuildPhase; buildActionMask = 2147483647; files = (); runOnlyForDeploymentPostprocessing = 0; };
 B10000000000000000000008 = {isa = PBXTargetDependency; target = A10000000000000000000008; targetProxy = B10000000000000000000009; };
 B10000000000000000000009 = {isa = PBXContainerItemProxy; containerPortal = A1000000000000000000000C; proxyType = 1; remoteGlobalIDString = A10000000000000000000008; remoteInfo = HomeSchoolHelper; };
 B1000000000000000000000A = {isa = XCBuildConfiguration; buildSettings = {GENERATE_INFOPLIST_FILE = YES; PRODUCT_BUNDLE_IDENTIFIER = com.chanderson7.HomeSchoolHelperUITests; PRODUCT_NAME = "$(TARGET_NAME)"; TEST_TARGET_NAME = HomeSchoolHelper; TARGETED_DEVICE_FAMILY = "1,2"; CODE_SIGN_STYLE = Automatic; }; name = Debug; };
 B1000000000000000000000B = {isa = XCBuildConfiguration; buildSettings = {GENERATE_INFOPLIST_FILE = YES; PRODUCT_BUNDLE_IDENTIFIER = com.chanderson7.HomeSchoolHelperUITests; PRODUCT_NAME = "$(TARGET_NAME)"; TEST_TARGET_NAME = HomeSchoolHelper; TARGETED_DEVICE_FAMILY = "1,2"; CODE_SIGN_STYLE = Automatic; }; name = Release; };

		A10000000000000000000001 = {isa = PBXBuildFile; productRef = A10000000000000000000002; };
		A10000000000000000000003 = {isa = PBXFileReference; explicitFileType = wrapper.application; includeInIndex = 0; path = HomeSchoolHelper.app; sourceTree = BUILT_PRODUCTS_DIR; };
		A10000000000000000000004 = {isa = PBXFileSystemSynchronizedRootGroup; path = iOS/HomeSchoolHelper; sourceTree = "<group>"; };
		A10000000000000000000005 = {isa = PBXFrameworksBuildPhase; buildActionMask = 2147483647; files = (A10000000000000000000001,); runOnlyForDeploymentPostprocessing = 0; };
		A10000000000000000000006 = {isa = PBXGroup; children = (A10000000000000000000004,B10000000000000000000001,A10000000000000000000007,); sourceTree = "<group>"; };
		A10000000000000000000007 = {isa = PBXGroup; children = (A10000000000000000000003,B10000000000000000000002,); name = Products; sourceTree = "<group>"; };
		A10000000000000000000008 = {
			isa = PBXNativeTarget;
			buildConfigurationList = A10000000000000000000009;
			buildPhases = (A1000000000000000000000A,A10000000000000000000005,A1000000000000000000000B,);
			buildRules = (); dependencies = ();
			fileSystemSynchronizedGroups = (A10000000000000000000004,);
			name = HomeSchoolHelper;
			packageProductDependencies = (A10000000000000000000002,);
			productName = HomeSchoolHelper;
			productReference = A10000000000000000000003;
			productType = "com.apple.product-type.application";
		};
		A1000000000000000000000C = {
			isa = PBXProject;
			attributes = {BuildIndependentTargetsInParallel = 1; LastSwiftUpdateCheck = 2630; LastUpgradeCheck = 2630; TargetAttributes = {A10000000000000000000008 = {CreatedOnToolsVersion = 26.3; }; }; };
			buildConfigurationList = A1000000000000000000000D;
			developmentRegion = en; hasScannedForEncodings = 0; knownRegions = (en,Base,);
			mainGroup = A10000000000000000000006;
			minimizedProjectReferenceProxies = 1;
			packageReferences = (A1000000000000000000000E,);
			preferredProjectObjectVersion = 77;
			productRefGroup = A10000000000000000000007;
			projectDirPath = ""; projectRoot = "";
			targets = (A10000000000000000000008,B10000000000000000000003,);
		};
		A1000000000000000000000A = {isa = PBXSourcesBuildPhase; buildActionMask = 2147483647; files = (); runOnlyForDeploymentPostprocessing = 0; };
		A1000000000000000000000B = {isa = PBXResourcesBuildPhase; buildActionMask = 2147483647; files = (); runOnlyForDeploymentPostprocessing = 0; };
		A1000000000000000000000F = {isa = XCBuildConfiguration; buildSettings = {CLANG_ENABLE_MODULES = YES; SDKROOT = iphoneos; IPHONEOS_DEPLOYMENT_TARGET = 17.0; SWIFT_VERSION = 5.0; DEBUG_INFORMATION_FORMAT = dwarf; SWIFT_OPTIMIZATION_LEVEL = "-Onone"; SWIFT_ACTIVE_COMPILATION_CONDITIONS = "DEBUG $(inherited)"; }; name = Debug; };
		A10000000000000000000010 = {isa = XCBuildConfiguration; buildSettings = {CLANG_ENABLE_MODULES = YES; SDKROOT = iphoneos; IPHONEOS_DEPLOYMENT_TARGET = 17.0; SWIFT_VERSION = 5.0; DEBUG_INFORMATION_FORMAT = "dwarf-with-dsym"; SWIFT_COMPILATION_MODE = wholemodule; SWIFT_OPTIMIZATION_LEVEL = "-O"; }; name = Release; };
		A10000000000000000000011 = {isa = XCBuildConfiguration; buildSettings = {CODE_SIGN_STYLE = Automatic; CURRENT_PROJECT_VERSION = 1; GENERATE_INFOPLIST_FILE = YES; INFOPLIST_KEY_CFBundleDisplayName = HomeSchoolHelper; INFOPLIST_KEY_LSApplicationCategoryType = "public.app-category.education"; INFOPLIST_KEY_UIApplicationSceneManifest_Generation = YES; INFOPLIST_KEY_UILaunchScreen_Generation = YES; INFOPLIST_KEY_UISupportedInterfaceOrientations = "UIInterfaceOrientationPortrait UIInterfaceOrientationLandscapeLeft UIInterfaceOrientationLandscapeRight"; MARKETING_VERSION = 0.1.0; PRODUCT_BUNDLE_IDENTIFIER = com.chanderson7.HomeSchoolHelper; PRODUCT_NAME = "$(TARGET_NAME)"; SUPPORTED_PLATFORMS = "iphoneos iphonesimulator"; SUPPORTS_MACCATALYST = NO; SWIFT_EMIT_LOC_STRINGS = YES; TARGETED_DEVICE_FAMILY = "1,2"; }; name = Debug; };
		A10000000000000000000012 = {isa = XCBuildConfiguration; buildSettings = {CODE_SIGN_STYLE = Automatic; CURRENT_PROJECT_VERSION = 1; GENERATE_INFOPLIST_FILE = YES; INFOPLIST_KEY_CFBundleDisplayName = HomeSchoolHelper; INFOPLIST_KEY_LSApplicationCategoryType = "public.app-category.education"; INFOPLIST_KEY_UIApplicationSceneManifest_Generation = YES; INFOPLIST_KEY_UILaunchScreen_Generation = YES; INFOPLIST_KEY_UISupportedInterfaceOrientations = "UIInterfaceOrientationPortrait UIInterfaceOrientationLandscapeLeft UIInterfaceOrientationLandscapeRight"; MARKETING_VERSION = 0.1.0; PRODUCT_BUNDLE_IDENTIFIER = com.chanderson7.HomeSchoolHelper; PRODUCT_NAME = "$(TARGET_NAME)"; SUPPORTED_PLATFORMS = "iphoneos iphonesimulator"; SUPPORTS_MACCATALYST = NO; SWIFT_EMIT_LOC_STRINGS = YES; TARGETED_DEVICE_FAMILY = "1,2"; }; name = Release; };
		A1000000000000000000000D = {isa = XCConfigurationList; buildConfigurations = (A1000000000000000000000F,A10000000000000000000010,); defaultConfigurationIsVisible = 0; defaultConfigurationName = Release; };
		A10000000000000000000009 = {isa = XCConfigurationList; buildConfigurations = (A10000000000000000000011,A10000000000000000000012,); defaultConfigurationIsVisible = 0; defaultConfigurationName = Release; };
		A1000000000000000000000E = {isa = XCLocalSwiftPackageReference; relativePath = .; };
		A10000000000000000000002 = {isa = XCSwiftPackageProductDependency; package = A1000000000000000000000E; productName = HomeschoolCore; };
	};
	rootObject = A1000000000000000000000C;
}
